{
  "pins" : [
    {
      "identity" : "async-http-client",
      "kind" : "remoteSourceControl",
      "location" : "https://github.com/swift-server/async-http-client.git",
      "state" : {
        "revision" : "16f7e62c08c6969899ce6cc277041e868364e5cf",
        "version" : "1.19.0"
      }
    },
    {
      "identity" : "async-kit",
      "kind" : "remoteSourceControl",
      "location" : "https://github.com/vapor/async-kit.git",
      "state" : {
        "revision" : "7ece208cd401687641c88367a00e3ea2b04311f1",
        "version" : "1.19.0"
      }
    },
    {
      "identity" : "console-kit",
      "kind" : "remoteSourceControl",
      "location" : "https://github.com/vapor/console-kit.git",
      "state" : {
        "revision" : "f4ef965dadd999f7e4687053153c97b8b320819c",
        "version" : "4.10.1"
      }
    },
    {
      "identity" : "flatbuffers",
      "kind" : "remoteSourceControl",
      "location" : "https://github.com/google/flatbuffers.git",
      "state" : {
        "revision" : "0100f6a5779831fa7a651e4b67ef389a8752bd9b",
        "version" : "23.5.26"
      }
    },
    {
      "identity" : "multipart-kit",
      "kind" : "remoteSourceControl",
      "location" : "https://github.com/vapor/multipart-kit.git",
      "state" : {
        "revision" : "1adfd69df2da08f7931d4281b257475e32c96734",
        "version" : "4.5.4"
      }
    },
    {
      "identity" : "routing-kit",
      "kind" : "remoteSourceControl",
      "location" : "https://github.com/vapor/routing-kit.git",
      "state" : {
        "revision" : "88077f2c9d12777dcc89562fa581888ff7ba14ae",
        "version" : "4.8.1"
      }
    },
    {
      "identity" : "sdk",
      "kind" : "remoteSourceControl",
      "location" : "https://github.com/open-meteo/sdk.git",
      "state" : {
        "revision" : "d69218cb0fea5d455dd5f8ac4cc683a1a5f0d1e2",
        "version" : "1.5.0"
      }
    },
    {
      "identity" : "swift-algorithms",
      "kind" : "remoteSourceControl",
      "location" : "https://github.com/apple/swift-algorithms.git",
      "state" : {
        "revision" : "bcd4f369ac962bc3e5244c9df778739f8f5bdbf1",
        "version" : "1.1.0"
      }
    },
    {
      "identity" : "swift-atomics",
      "kind" : "remoteSourceControl",
      "location" : "https://github.com/apple/swift-atomics.git",
      "state" : {
        "revision" : "cd142fd2f64be2100422d658e7411e39489da985",
        "version" : "1.2.0"
      }
    },
    {
      "identity" : "swift-collections",
      "kind" : "remoteSourceControl",
      "location" : "https://github.com/apple/swift-collections.git",
      "state" : {
        "revision" : "a902f1823a7ff3c9ab2fba0f992396b948eda307",
        "version" : "1.0.5"
      }
    },
    {
      "identity" : "swift-crypto",
      "kind" : "remoteSourceControl",
      "location" : "https://github.com/apple/swift-crypto.git",
      "state" : {
        "revision" : "b51f1d6845b353a2121de1c6a670738ec33561a6",
        "version" : "3.1.0"
      }
    },
    {
      "identity" : "swift-http-types",
      "kind" : "remoteSourceControl",
      "location" : "https://github.com/apple/swift-http-types",
      "state" : {
        "revision" : "99d066e29effa8845e4761dd3f2f831edfdf8925",
        "version" : "1.0.0"
      }
    },
    {
      "identity" : "swift-log",
      "kind" : "remoteSourceControl",
      "location" : "https://github.com/apple/swift-log.git",
      "state" : {
        "revision" : "532d8b529501fb73a2455b179e0bbb6d49b652ed",
        "version" : "1.5.3"
      }
    },
    {
      "identity" : "swift-metrics",
      "kind" : "remoteSourceControl",
      "location" : "https://github.com/apple/swift-metrics.git",
      "state" : {
        "revision" : "971ba26378ab69c43737ee7ba967a896cb74c0d1",
        "version" : "2.4.1"
      }
    },
    {
      "identity" : "swift-nio",
      "kind" : "remoteSourceControl",
      "location" : "https://github.com/apple/swift-nio.git",
      "state" : {
        "revision" : "853522d90871b4b63262843196685795b5008c46",
        "version" : "2.61.1"
      }
    },
    {
      "identity" : "swift-nio-extras",
      "kind" : "remoteSourceControl",
      "location" : "https://github.com/apple/swift-nio-extras.git",
      "state" : {
        "revision" : "798c962495593a23fdea0c0c63fd55571d8dff51",
        "version" : "1.20.0"
      }
    },
    {
      "identity" : "swift-nio-http2",
      "kind" : "remoteSourceControl",
      "location" : "https://github.com/apple/swift-nio-http2.git",
      "state" : {
        "revision" : "3bd9004b9d685ed6b629760fc84903e48efec806",
        "version" : "1.29.0"
      }
    },
    {
      "identity" : "swift-nio-ssl",
      "kind" : "remoteSourceControl",
      "location" : "https://github.com/apple/swift-nio-ssl.git",
      "state" : {
        "revision" : "320bd978cceb8e88c125dcbb774943a92f6286e9",
        "version" : "2.25.0"
      }
    },
    {
      "identity" : "swift-nio-transport-services",
      "kind" : "remoteSourceControl",
      "location" : "https://github.com/apple/swift-nio-transport-services.git",
      "state" : {
        "revision" : "ebf8b9c365a6ce043bf6e6326a04b15589bd285e",
        "version" : "1.20.0"
      }
    },
    {
      "identity" : "swift-numerics",
      "kind" : "remoteSourceControl",
      "location" : "https://github.com/apple/swift-numerics",
      "state" : {
        "revision" : "0a5bc04095a675662cf24757cc0640aa2204253b",
        "version" : "1.0.2"
      }
    },
    {
      "identity" : "swifteccodes",
      "kind" : "remoteSourceControl",
      "location" : "https://github.com/patrick-zippenfenig/SwiftEccodes.git",
      "state" : {
        "revision" : "28b70fc6d524f93c4c48586ce027099e9db0ca4e",
        "version" : "0.1.5"
      }
    },
    {
      "identity" : "swiftnetcdf",
      "kind" : "remoteSourceControl",
      "location" : "https://github.com/patrick-zippenfenig/SwiftNetCDF.git",
      "state" : {
        "revision" : "4792741df052e0a2a4626f9e03fd66edf6417cba",
        "version" : "1.1.1"
      }
    },
    {
      "identity" : "swifttimezonelookup",
      "kind" : "remoteSourceControl",
      "location" : "https://github.com/patrick-zippenfenig/SwiftTimeZoneLookup.git",
      "state" : {
        "revision" : "768489c7f8eb5f623f009ef0bf7122d99e37cbb5",
        "version" : "1.0.3"
      }
    },
    {
      "identity" : "vapor",
      "kind" : "remoteSourceControl",
      "location" : "https://github.com/vapor/vapor.git",
      "state" : {
        "revision" : "3744d4200c9293584603d650f8ef70ae7e6896e7",
        "version" : "4.86.0"
      }
    },
    {
      "identity" : "websocket-kit",
      "kind" : "remoteSourceControl",
      "location" : "https://github.com/vapor/websocket-kit.git",
      "state" : {
        "revision" : "53fe0639a98903858d0196b699720decb42aee7b",
        "version" : "2.14.0"
      }
    }
  ],
  "version" : 2
}
